
Microsoft Visual Studio Solution File, Format Version 12.00
# Visual Studio Version 17
VisualStudioVersion = 17.12.35527.113 d17.12
MinimumVisualStudioVersion = 10.0.40219.1
Project("{FAE04EC0-301F-11D3-BF4B-00C04F79EFBC}") = "zad 1", "zad 1\zad 1.csproj", "{9A0662F2-9F29-4D34-981D-B04064562CB4}"
EndProject
Project("{FAE04EC0-301F-11D3-BF4B-00C04F79EFBC}") = "zad 2", "zad 2\zad 2.csproj", "{F373E8F6-8122-4190-A14B-CE9238C22E62}"
EndProject
Global
	GlobalSection(SolutionConfigurationPlatforms) = preSolution
		Debug|Any CPU = Debug|Any CPU
		Release|Any CPU = Release|Any CPU
	EndGlobalSection
	GlobalSection(ProjectConfigurationPlatforms) = postSolution
		{9A0662F2-9F29-4D34-981D-B04064562CB4}.Debug|Any CPU.ActiveCfg = Debug|Any CPU
		{9A0662F2-9F29-4D34-981D-B04064562CB4}.Debug|Any CPU.Build.0 = Debug|Any CPU
		{9A0662F2-9F29-4D34-981D-B04064562CB4}.Release|Any CPU.ActiveCfg = Release|Any CPU
		{9A0662F2-9F29-4D34-981D-B04064562CB4}.Release|Any CPU.Build.0 = Release|Any CPU
		{F373E8F6-8122-4190-A14B-CE9238C22E62}.Debug|Any CPU.ActiveCfg = Debug|Any CPU
		{F373E8F6-8122-4190-A14B-CE9238C22E62}.Debug|Any CPU.Build.0 = Debug|Any CPU
		{F373E8F6-8122-4190-A14B-CE9238C22E62}.Release|Any CPU.ActiveCfg = Release|Any CPU
		{F373E8F6-8122-4190-A14B-CE9238C22E62}.Release|Any CPU.Build.0 = Release|Any CPU
	EndGlobalSection
	GlobalSection(SolutionProperties) = preSolution
		HideSolutionNode = FALSE
	EndGlobalSection
EndGlobal
